// !$*UTF8*$!
{
	archiveVersion = 1;
	classes = {
	};
	objectVersion = 46;
	objects = {

/* Begin PBXBuildFile section */
		98E1518F1E4A2FAF00F70F73 /* AppDelegate.swift in Sources */ = {isa = PBXBuildFile; fileRef = 98E1518E1E4A2FAF00F70F73 /* AppDelegate.swift */; };
		98E151911E4A2FAF00F70F73 /* ViewController.swift in Sources */ = {isa = PBXBuildFile; fileRef = 98E151901E4A2FAF00F70F73 /* ViewController.swift */; };
		98E151941E4A2FAF00F70F73 /* Main.storyboard in Resources */ = {isa = PBXBuildFile; fileRef = 98E151921E4A2FAF00F70F73 /* Main.storyboard */; };
		98E151961E4A2FAF00F70F73 /* Assets.xcassets in Resources */ = {isa = PBXBuildFile; fileRef = 98E151951E4A2FAF00F70F73 /* Assets.xcassets */; };
		98E151991E4A2FAF00F70F73 /* LaunchScreen.storyboard in Resources */ = {isa = PBXBuildFile; fileRef = 98E151971E4A2FAF00F70F73 /* LaunchScreen.storyboard */; };
		98E151A41E4A2FAF00F70F73 /* hideBombTests.swift in Sources */ = {isa = PBXBuildFile; fileRef = 98E151A31E4A2FAF00F70F73 /* hideBombTests.swift */; };
		98E151AF1E4A2FAF00F70F73 /* hideBombUITests.swift in Sources */ = {isa = PBXBuildFile; fileRef = 98E151AE1E4A2FAF00F70F73 /* hideBombUITests.swift */; };
/* End PBXBuildFile section */

/* Begin PBXContainerItemProxy section */
		98E151A01E4A2FAF00F70F73 /* PBXContainerItemProxy */ = {
			isa = PBXContainerItemProxy;
			containerPortal = 98E151831E4A2FAF00F70F73 /* Project object */;
			proxyType = 1;
			remoteGlobalIDString = 98E1518A1E4A2FAF00F70F73;
			remoteInfo = hideBomb;
		};
		98E151AB1E4A2FAF00F70F73 /* PBXContainerItemProxy */ = {
			isa = PBXContainerItemProxy;
			containerPortal = 98E151831E4A2FAF00F70F73 /* Project object */;
			proxyType = 1;
			remoteGlobalIDString = 98E1518A1E4A2FAF00F70F73;
			remoteInfo = hideBomb;
		};
/* End PBXContainerItemProxy section */

/* Begin PBXFileReference section */
		98E1518B1E4A2FAF00F70F73 /* hideBomb.app */ = {isa = PBXFileReference; explicitFileType = wrapper.application; includeInIndex = 0; path = hideBomb.app; sourceTree = BUILT_PRODUCTS_DIR; };
		98E1518E1E4A2FAF00F70F73 /* AppDelegate.swift */ = {isa = PBXFileReference; lastKnownFileType = sourcecode.swift; path = AppDelegate.swift; sourceTree = "<group>"; };
		98E151901E4A2FAF00F70F73 /* ViewController.swift */ = {isa = PBXFileReference; lastKnownFileType = sourcecode.swift; path = ViewController.swift; sourceTree = "<group>"; };
		98E151931E4A2FAF00F70F73 /* Base */ = {isa = PBXFileReference; lastKnownFileType = file.storyboard; name = Base; path = Base.lproj/Main.storyboard; sourceTree = "<group>"; };
		98E151951E4A2FAF00F70F73 /* Assets.xcassets */ = {isa = PBXFileReference; lastKnownFileType = folder.assetcatalog; path = Assets.xcassets; sourceTree = "<group>"; };
		98E151981E4A2FAF00F70F73 /* Base */ = {isa = PBXFileReference; lastKnownFileType = file.storyboard; name = Base; path = Base.lproj/LaunchScreen.storyboard; sourceTree = "<group>"; };
		98E1519A1E4A2FAF00F70F73 /* Info.plist */ = {isa = PBXFileReference; lastKnownFileType = text.plist.xml; path = Info.plist; sourceTree = "<group>"; };
		98E1519F1E4A2FAF00F70F73 /* hideBombTests.xctest */ = {isa = PBXFileReference; explicitFileType = wrapper.cfbundle; includeInIndex = 0; path = hideBombTests.xctest; sourceTree = BUILT_PRODUCTS_DIR; };
		98E151A31E4A2FAF00F70F73 /* hideBombTests.swift */ = {isa = PBXFileReference; lastKnownFileType = sourcecode.swift; path = hideBombTests.swift; sourceTree = "<group>"; };
		98E151A51E4A2FAF00F70F73 /* Info.plist */ = {isa = PBXFileReference; lastKnownFileType = text.plist.xml; path = Info.plist; sourceTree = "<group>"; };
		98E151AA1E4A2FAF00F70F73 /* hideBombUITests.xctest */ = {isa = PBXFileReference; explicitFileType = wrapper.cfbundle; includeInIndex = 0; path = hideBombUITests.xctest; sourceTree = BUILT_PRODUCTS_DIR; };
		98E151AE1E4A2FAF00F70F73 /* hideBombUITests.swift */ = {isa = PBXFileReference; lastKnownFileType = sourcecode.swift; path = hideBombUITests.swift; sourceTree = "<group>"; };
		98E151B01E4A2FAF00F70F73 /* Info.plist */ = {isa = PBXFileReference; lastKnownFileType = text.plist.xml; path = Info.plist; sourceTree = "<group>"; };
/* End PBXFileReference section */

/* Begin PBXFrameworksBuildPhase section */
		98E151881E4A2FAF00F70F73 /* Frameworks */ = {
			isa = PBXFrameworksBuildPhase;
			buildActionMask = 2147483647;
			files = (
			);
			runOnlyForDeploymentPostprocessing = 0;
		};
		98E1519C1E4A2FAF00F70F73 /* Frameworks */ = {
			isa = PBXFrameworksBuildPhase;
			buildActionMask = 2147483647;
			files = (
			);
			runOnlyForDeploymentPostprocessing = 0;
		};
		98E151A71E4A2FAF00F70F73 /* Frameworks */ = {
			isa = PBXFrameworksBuildPhase;
			buildActionMask = 2147483647;
			files = (
			);
			runOnlyForDeploymentPostprocessing = 0;
		};
/* End PBXFrameworksBuildPhase section */

/* Begin PBXGroup section */
		98E151821E4A2FAF00F70F73 = {
			isa = PBXGroup;
			children = (
				98E1518D1E4A2FAF00F70F73 /* hideBomb */,
				98E151A21E4A2FAF00F70F73 /* hideBombTests */,
				98E151AD1E4A2FAF00F70F73 /* hideBombUITests */,
				98E1518C1E4A2FAF00F70F73 /* Products */,
			);
			sourceTree = "<group>";
		};
		98E1518C1E4A2FAF00F70F73 /* Products */ = {
			isa = PBXGroup;
			children = (
				98E1518B1E4A2FAF00F70F73 /* hideBomb.app */,
				98E1519F1E4A2FAF00F70F73 /* hideBombTests.xctest */,
				98E151AA1E4A2FAF00F70F73 /* hideBombUITests.xctest */,
			);
			name = Products;
			sourceTree = "<group>";
		};
		98E1518D1E4A2FAF00F70F73 /* hideBomb */ = {
			isa = PBXGroup;
			children = (
				98E1518E1E4A2FAF00F70F73 /* AppDelegate.swift */,
				98E151901E4A2FAF00F70F73 /* ViewController.swift */,
				98E151921E4A2FAF00F70F73 /* Main.storyboard */,
				98E151951E4A2FAF00F70F73 /* Assets.xcassets */,
				98E151971E4A2FAF00F70F73 /* LaunchScreen.storyboard */,
				98E1519A1E4A2FAF00F70F73 /* Info.plist */,
			);
			path = hideBomb;
			sourceTree = "<group>";
		};
		98E151A21E4A2FAF00F70F73 /* hideBombTests */ = {
			isa = PBXGroup;
			children = (
				98E151A31E4A2FAF00F70F73 /* hideBombTests.swift */,
				98E151A51E4A2FAF00F70F73 /* Info.plist */,
			);
			path = hideBombTests;
			sourceTree = "<group>";
		};
		98E151AD1E4A2FAF00F70F73 /* hideBombUITests */ = {
			isa = PBXGroup;
			children = (
				98E151AE1E4A2FAF00F70F73 /* hideBombUITests.swift */,
				98E151B01E4A2FAF00F70F73 /* Info.plist */,
			);
			path = hideBombUITests;
			sourceTree = "<group>";
		};
/* End PBXGroup section */

/* Begin PBXNativeTarget section */
		98E1518A1E4A2FAF00F70F73 /* hideBomb */ = {
			isa = PBXNativeTarget;
			buildConfigurationList = 98E151B31E4A2FAF00F70F73 /* Build configuration list for PBXNativeTarget "hideBomb" */;
			buildPhases = (
				98E151871E4A2FAF00F70F73 /* Sources */,
				98E151881E4A2FAF00F70F73 /* Frameworks */,
				98E151891E4A2FAF00F70F73 /* Resources */,
			);
			buildRules = (
			);
			dependencies = (
			);
			name = hideBomb;
			productName = hideBomb;
			productReference = 98E1518B1E4A2FAF00F70F73 /* hideBomb.app */;
			productType = "com.apple.product-type.application";
		};
		98E1519E1E4A2FAF00F70F73 /* hideBombTests */ = {
			isa = PBXNativeTarget;
			buildConfigurationList = 98E151B61E4A2FAF00F70F73 /* Build configuration list for PBXNativeTarget "hideBombTests" */;
			buildPhases = (
				98E1519B1E4A2FAF00F70F73 /* Sources */,
				98E1519C1E4A2FAF00F70F73 /* Frameworks */,
				98E1519D1E4A2FAF00F70F73 /* Resources */,
			);
			buildRules = (
			);
			dependencies = (
				98E151A11E4A2FAF00F70F73 /* PBXTargetDependency */,
			);
			name = hideBombTests;
			productName = hideBombTests;
			productReference = 98E1519F1E4A2FAF00F70F73 /* hideBombTests.xctest */;
			productType = "com.apple.product-type.bundle.unit-test";
		};
		98E151A91E4A2FAF00F70F73 /* hideBombUITests */ = {
			isa = PBXNativeTarget;
			buildConfigurationList = 98E151B91E4A2FAF00F70F73 /* Build configuration list for PBXNativeTarget "hideBombUITests" */;
			buildPhases = (
				98E151A61E4A2FAF00F70F73 /* Sources */,
				98E151A71E4A2FAF00F70F73 /* Frameworks */,
				98E151A81E4A2FAF00F70F73 /* Resources */,
			);
			buildRules = (
			);
			dependencies = (
				98E151AC1E4A2FAF00F70F73 /* PBXTargetDependency */,
			);
			name = hideBombUITests;
			productName = hideBombUITests;
			productReference = 98E151AA1E4A2FAF00F70F73 /* hideBombUITests.xctest */;
			productType = "com.apple.product-type.bundle.ui-testing";
		};
/* End PBXNativeTarget section */

/* Begin PBXProject section */
		98E151831E4A2FAF00F70F73 /* Project object */ = {
			isa = PBXProject;
			attributes = {
				LastSwiftUpdateCheck = 0800;
				LastUpgradeCheck = 0800;
				ORGANIZATIONNAME = "Trương Thanh Hòa";
				TargetAttributes = {
					98E1518A1E4A2FAF00F70F73 = {
						CreatedOnToolsVersion = 8.0;
						ProvisioningStyle = Automatic;
					};
					98E1519E1E4A2FAF00F70F73 = {
						CreatedOnToolsVersion = 8.0;
						ProvisioningStyle = Automatic;
						TestTargetID = 98E1518A1E4A2FAF00F70F73;
					};
					98E151A91E4A2FAF00F70F73 = {
						CreatedOnToolsVersion = 8.0;
						ProvisioningStyle = Automatic;
						TestTargetID = 98E1518A1E4A2FAF00F70F73;
					};
				};
			};
			buildConfigurationList = 98E151861E4A2FAF00F70F73 /* Build configuration list for PBXProject "hideBomb" */;
			compatibilityVersion = "Xcode 3.2";
			developmentRegion = English;
			hasScannedForEncodings = 0;
			knownRegions = (
				en,
				Base,
			);
			mainGroup = 98E151821E4A2FAF00F70F73;
			productRefGroup = 98E1518C1E4A2FAF00F70F73 /* Products */;
			projectDirPath = "";
			projectRoot = "";
			targets = (
				98E1518A1E4A2FAF00F70F73 /* hideBomb */,
				98E1519E1E4A2FAF00F70F73 /* hideBombTests */,
				98E151A91E4A2FAF00F70F73 /* hideBombUITests */,
			);
		};
/* End PBXProject section */

/* Begin PBXResourcesBuildPhase section */
		98E151891E4A2FAF00F70F73 /* Resources */ = {
			isa = PBXResourcesBuildPhase;
			buildActionMask = 2147483647;
			files = (
				98E151991E4A2FAF00F70F73 /* LaunchScreen.storyboard in Resources */,
				98E151961E4A2FAF00F70F73 /* Assets.xcassets in Resources */,
				98E151941E4A2FAF00F70F73 /* Main.storyboard in Resources */,
			);
			runOnlyForDeploymentPostprocessing = 0;
		};
		98E1519D1E4A2FAF00F70F73 /* Resources */ = {
			isa = PBXResourcesBuildPhase;
			buildActionMask = 2147483647;
			files = (
			);
			runOnlyForDeploymentPostprocessing = 0;
		};
		98E151A81E4A2FAF00F70F73 /* Resources */ = {
			isa = PBXResourcesBuildPhase;
			buildActionMask = 2147483647;
			files = (
			);
			runOnlyForDeploymentPostprocessing = 0;
		};
/* End PBXResourcesBuildPhase section */

/* Begin PBXSourcesBuildPhase section */
		98E151871E4A2FAF00F70F73 /* Sources */ = {
			isa = PBXSourcesBuildPhase;
			buildActionMask = 2147483647;
			files = (
				98E151911E4A2FAF00F70F73 /* ViewController.swift in Sources */,
				98E1518F1E4A2FAF00F70F73 /* AppDelegate.swift in Sources */,
			);
			runOnlyForDeploymentPostprocessing = 0;
		};
		98E1519B1E4A2FAF00F70F73 /* Sources */ = {
			isa = PBXSourcesBuildPhase;
			buildActionMask = 2147483647;
			files = (
				98E151A41E4A2FAF00F70F73 /* hideBombTests.swift in Sources */,
			);
			runOnlyForDeploymentPostprocessing = 0;
		};
		98E151A61E4A2FAF00F70F73 /* Sources */ = {
			isa = PBXSourcesBuildPhase;
			buildActionMask = 2147483647;
			files = (
				98E151AF1E4A2FAF00F70F73 /* hideBombUITests.swift in Sources */,
			);
			runOnlyForDeploymentPostprocessing = 0;
		};
/* End PBXSourcesBuildPhase section */

/* Begin PBXTargetDependency section */
		98E151A11E4A2FAF00F70F73 /* PBXTargetDependency */ = {
			isa = PBXTargetDependency;
			target = 98E1518A1E4A2FAF00F70F73 /* hideBomb */;
			targetProxy = 98E151A01E4A2FAF00F70F73 /* PBXContainerItemProxy */;
		};
		98E151AC1E4A2FAF00F70F73 /* PBXTargetDependency */ = {
			isa = PBXTargetDependency;
			target = 98E1518A1E4A2FAF00F70F73 /* hideBomb */;
			targetProxy = 98E151AB1E4A2FAF00F70F73 /* PBXContainerItemProxy */;
		};
/* End PBXTargetDependency section */

/* Begin PBXVariantGroup section */
		98E151921E4A2FAF00F70F73 /* Main.storyboard */ = {
			isa = PBXVariantGroup;
			children = (
				98E151931E4A2FAF00F70F73 /* Base */,
			);
			name = Main.storyboard;
			sourceTree = "<group>";
		};
		98E151971E4A2FAF00F70F73 /* LaunchScreen.storyboard */ = {
			isa = PBXVariantGroup;
			children = (
				98E151981E4A2FAF00F70F73 /* Base */,
			);
			name = LaunchScreen.storyboard;
			sourceTree = "<group>";
		};
/* End PBXVariantGroup section */

/* Begin XCBuildConfiguration section */
		98E151B11E4A2FAF00F70F73 /* Debug */ = {
			isa = XCBuildConfiguration;
			buildSettings = {
				ALWAYS_SEARCH_USER_PATHS = NO;
				CLANG_ANALYZER_NONNULL = YES;
				CLANG_CXX_LANGUAGE_STANDARD = "gnu++0x";
				CLANG_CXX_LIBRARY = "libc++";
				CLANG_ENABLE_MODULES = YES;
				CLANG_ENABLE_OBJC_ARC = YES;
				CLANG_WARN_BOOL_CONVERSION = YES;
				CLANG_WARN_CONSTANT_CONVERSION = YES;
				CLANG_WARN_DIRECT_OBJC_ISA_USAGE = YES_ERROR;
				CLANG_WARN_DOCUMENTATION_COMMENTS = YES;
				CLANG_WARN_EMPTY_BODY = YES;
				CLANG_WARN_ENUM_CONVERSION = YES;
				CLANG_WARN_INFINITE_RECURSION = YES;
				CLANG_WARN_INT_CONVERSION = YES;
				CLANG_WARN_OBJC_ROOT_CLASS = YES_ERROR;
				CLANG_WARN_SUSPICIOUS_MOVES = YES;
				CLANG_WARN_UNREACHABLE_CODE = YES;
				CLANG_WARN__DUPLICATE_METHOD_MATCH = YES;
				"CODE_SIGN_IDENTITY[sdk=iphoneos*]" = "iPhone Developer";
				COPY_PHASE_STRIP = NO;
				DEBUG_INFORMATION_FORMAT = dwarf;
				ENABLE_STRICT_OBJC_MSGSEND = YES;
				ENABLE_TESTABILITY = YES;
				GCC_C_LANGUAGE_STANDARD = gnu99;
				GCC_DYNAMIC_NO_PIC = NO;
				GCC_NO_COMMON_BLOCKS = YES;
				GCC_OPTIMIZATION_LEVEL = 0;
				GCC_PREPROCESSOR_DEFINITIONS = (
					"DEBUG=1",
					"$(inherited)",
				);
				GCC_WARN_64_TO_32_BIT_CONVERSION = YES;
				GCC_WARN_ABOUT_RETURN_TYPE = YES_ERROR;
				GCC_WARN_UNDECLARED_SELECTOR = YES;
				GCC_WARN_UNINITIALIZED_AUTOS = YES_AGGRESSIVE;
				GCC_WARN_UNUSED_FUNCTION = YES;
				GCC_WARN_UNUSED_VARIABLE = YES;
				IPHONEOS_DEPLOYMENT_TARGET = 10.0;
				MTL_ENABLE_DEBUG_INFO = YES;
				ONLY_ACTIVE_ARCH = YES;
				SDKROOT = iphoneos;
				SWIFT_ACTIVE_COMPILATION_CONDITIONS = DEBUG;
				SWIFT_OPTIMIZATION_LEVEL = "-Onone";
			};
			name = Debug;
		};
		98E151B21E4A2FAF00F70F73 /* Release */ = {
			isa = XCBuildConfiguration;
			buildSettings = {
				ALWAYS_SEARCH_USER_PATHS = NO;
				CLANG_ANALYZER_NONNULL = YES;
				CLANG_CXX_LANGUAGE_STANDARD = "gnu++0x";
				CLANG_CXX_LIBRARY = "libc++";
				CLANG_ENABLE_MODULES = YES;
				CLANG_ENABLE_OBJC_ARC = YES;
				CLANG_WARN_BOOL_CONVERSION = YES;
				CLANG_WARN_CONSTANT_CONVERSION = YES;
				CLANG_WARN_DIRECT_OBJC_ISA_USAGE = YES_ERROR;
				CLANG_WARN_DOCUMENTATION_COMMENTS = YES;
				CLANG_WARN_EMPTY_BODY = YES;
				CLANG_WARN_ENUM_CONVERSION = YES;
				CLANG_WARN_INFINITE_RECURSION = YES;
				CLANG_WARN_INT_CONVERSION = YES;
				CLANG_WARN_OBJC_ROOT_CLASS = YES_ERROR;
				CLANG_WARN_SUSPICIOUS_MOVES = YES;
				CLANG_WARN_UNREACHABLE_CODE = YES;
				CLANG_WARN__DUPLICATE_METHOD_MATCH = YES;
				"CODE_SIGN_IDENTITY[sdk=iphoneos*]" = "iPhone Developer";
				COPY_PHASE_STRIP = NO;
				DEBUG_INFORMATION_FORMAT = "dwarf-with-dsym";
				ENABLE_NS_ASSERTIONS = NO;
				ENABLE_STRICT_OBJC_MSGSEND = YES;
				GCC_C_LANGUAGE_STANDARD = gnu99;
				GCC_NO_COMMON_BLOCKS = YES;
				GCC_WARN_64_TO_32_BIT_CONVERSION = YES;
				GCC_WARN_ABOUT_RETURN_TYPE = YES_ERROR;
				GCC_WARN_UNDECLARED_SELECTOR = YES;
				GCC_WARN_UNINITIALIZED_AUTOS = YES_AGGRESSIVE;
				GCC_WARN_UNUSED_FUNCTION = YES;
				GCC_WARN_UNUSED_VARIABLE = YES;
				IPHONEOS_DEPLOYMENT_TARGET = 10.0;
				MTL_ENABLE_DEBUG_INFO = NO;
				SDKROOT = iphoneos;
				SWIFT_OPTIMIZATION_LEVEL = "-Owholemodule";
				VALIDATE_PRODUCT = YES;
			};
			name = Release;
		};
		98E151B41E4A2FAF00F70F73 /* Debug */ = {
			isa = XCBuildConfiguration;
			buildSettings = {
				ASSETCATALOG_COMPILER_APPICON_NAME = AppIcon;
				INFOPLIST_FILE = hideBomb/Info.plist;
				LD_RUNPATH_SEARCH_PATHS = "$(inherited) @executable_path/Frameworks";
				PRODUCT_BUNDLE_IDENTIFIER = hoa.hideBomb;
				PRODUCT_NAME = "$(TARGET_NAME)";
				SWIFT_VERSION = 3.0;
				TARGETED_DEVICE_FAMILY = 1;
			};
			name = Debug;
		};
		98E151B51E4A2FAF00F70F73 /* Release */ = {
			isa = XCBuildConfiguration;
			buildSettings = {
				ASSETCATALOG_COMPILER_APPICON_NAME = AppIcon;
				INFOPLIST_FILE = hideBomb/Info.plist;
				LD_RUNPATH_SEARCH_PATHS = "$(inherited) @executable_path/Frameworks";
				PRODUCT_BUNDLE_IDENTIFIER = hoa.hideBomb;
				PRODUCT_NAME = "$(TARGET_NAME)";
				SWIFT_VERSION = 3.0;
				TARGETED_DEVICE_FAMILY = 1;
			};
			name = Release;
		};
		98E151B71E4A2FAF00F70F73 /* Debug */ = {
			isa = XCBuildConfiguration;
			buildSettings = {
				ALWAYS_EMBED_SWIFT_STANDARD_LIBRARIES = YES;
				BUNDLE_LOADER = "$(TEST_HOST)";
				INFOPLIST_FILE = hideBombTests/Info.plist;
				LD_RUNPATH_SEARCH_PATHS = "$(inherited) @executable_path/Frameworks @loader_path/Frameworks";
				PRODUCT_BUNDLE_IDENTIFIER = hoa.hideBombTests;
				PRODUCT_NAME = "$(TARGET_NAME)";
				SWIFT_VERSION = 3.0;
				TEST_HOST = "$(BUILT_PRODUCTS_DIR)/hideBomb.app/hideBomb";
			};
			name = Debug;
		};
		98E151B81E4A2FAF00F70F73 /* Release */ = {
			isa = XCBuildConfiguration;
			buildSettings = {
				ALWAYS_EMBED_SWIFT_STANDARD_LIBRARIES = YES;
				BUNDLE_LOADER = "$(TEST_HOST)";
				INFOPLIST_FILE = hideBombTests/Info.plist;
				LD_RUNPATH_SEARCH_PATHS = "$(inherited) @executable_path/Frameworks @loader_path/Frameworks";
				PRODUCT_BUNDLE_IDENTIFIER = hoa.hideBombTests;
				PRODUCT_NAME = "$(TARGET_NAME)";
				SWIFT_VERSION = 3.0;
				TEST_HOST = "$(BUILT_PRODUCTS_DIR)/hideBomb.app/hideBomb";
			};
			name = Release;
		};
		98E151BA1E4A2FAF00F70F73 /* Debug */ = {
			isa = XCBuildConfiguration;
			buildSettings = {
				ALWAYS_EMBED_SWIFT_STANDARD_LIBRARIES = YES;
				INFOPLIST_FILE = hideBombUITests/Info.plist;
				LD_RUNPATH_SEARCH_PATHS = "$(inherited) @executable_path/Frameworks @loader_path/Frameworks";
				PRODUCT_BUNDLE_IDENTIFIER = hoa.hideBombUITests;
				PRODUCT_NAME = "$(TARGET_NAME)";
				SWIFT_VERSION = 3.0;
				TEST_TARGET_NAME = hideBomb;
			};
			name = Debug;
		};
		98E151BB1E4A2FAF00F70F73 /* Release */ = {
			isa = XCBuildConfiguration;
			buildSettings = {
				ALWAYS_EMBED_SWIFT_STANDARD_LIBRARIES = YES;
				INFOPLIST_FILE = hideBombUITests/Info.plist;
				LD_RUNPATH_SEARCH_PATHS = "$(inherited) @executable_path/Frameworks @loader_path/Frameworks";
				PRODUCT_BUNDLE_IDENTIFIER = hoa.hideBombUITests;
				PRODUCT_NAME = "$(TARGET_NAME)";
				SWIFT_VERSION = 3.0;
				TEST_TARGET_NAME = hideBomb;
			};
			name = Release;
		};
/* End XCBuildConfiguration section */

/* Begin XCConfigurationList section */
		98E151861E4A2FAF00F70F73 /* Build configuration list for PBXProject "hideBomb" */ = {
			isa = XCConfigurationList;
			buildConfigurations = (
				98E151B11E4A2FAF00F70F73 /* Debug */,
				98E151B21E4A2FAF00F70F73 /* Release */,
			);
			defaultConfigurationIsVisible = 0;
			defaultConfigurationName = Release;
		};
		98E151B31E4A2FAF00F70F73 /* Build configuration list for PBXNativeTarget "hideBomb" */ = {
			isa = XCConfigurationList;
			buildConfigurations = (
				98E151B41E4A2FAF00F70F73 /* Debug */,
				98E151B51E4A2FAF00F70F73 /* Release */,
			);
			defaultConfigurationIsVisible = 0;
		};
		98E151B61E4A2FAF00F70F73 /* Build configuration list for PBXNativeTarget "hideBombTests" */ = {
			isa = XCConfigurationList;
			buildConfigurations = (
				98E151B71E4A2FAF00F70F73 /* Debug */,
				98E151B81E4A2FAF00F70F73 /* Release */,
			);
			defaultConfigurationIsVisible = 0;
		};
		98E151B91E4A2FAF00F70F73 /* Build configuration list for PBXNativeTarget "hideBombUITests" */ = {
			isa = XCConfigurationList;
			buildConfigurations = (
				98E151BA1E4A2FAF00F70F73 /* Debug */,
				98E151BB1E4A2FAF00F70F73 /* Release */,
			);
			defaultConfigurationIsVisible = 0;
		};
/* End XCConfigurationList section */
	};
	rootObject = 98E151831E4A2FAF00F70F73 /* Project object */;
}
